
Microsoft Visual Studio Solution File, Format Version 12.00
# Visual Studio Version 16
VisualStudioVersion = 16.0.31424.327
MinimumVisualStudioVersion = 10.0.40219.1
Project("{FAE04EC0-301F-11D3-BF4B-00C04F79EFBC}") = "Aula09_01", "Aula09_01\Aula09_01.csproj", "{9DB646C6-2192-468A-AD91-BEFE179D69C1}"
EndProject
Project("{FAE04EC0-301F-11D3-BF4B-00C04F79EFBC}") = "Aula09_Dados", "Aula09_Dados\Aula09_Dados.csproj", "{C88109FD-39CE-41E3-83E8-F28962358662}"
EndProject
Global
	GlobalSection(SolutionConfigurationPlatforms) = preSolution
		Debug|Any CPU = Debug|Any CPU
		Release|Any CPU = Release|Any CPU
	EndGlobalSection
	GlobalSection(ProjectConfigurationPlatforms) = postSolution
		{9DB646C6-2192-468A-AD91-BEFE179D69C1}.Debug|Any CPU.ActiveCfg = Debug|Any CPU
		{9DB646C6-2192-468A-AD91-BEFE179D69C1}.Debug|Any CPU.Build.0 = Debug|Any CPU
		{9DB646C6-2192-468A-AD91-BEFE179D69C1}.Release|Any CPU.ActiveCfg = Release|Any CPU
		{9DB646C6-2192-468A-AD91-BEFE179D69C1}.Release|Any CPU.Build.0 = Release|Any CPU
		{C88109FD-39CE-41E3-83E8-F28962358662}.Debug|Any CPU.ActiveCfg = Debug|Any CPU
		{C88109FD-39CE-41E3-83E8-F28962358662}.Debug|Any CPU.Build.0 = Debug|Any CPU
		{C88109FD-39CE-41E3-83E8-F28962358662}.Release|Any CPU.ActiveCfg = Release|Any CPU
		{C88109FD-39CE-41E3-83E8-F28962358662}.Release|Any CPU.Build.0 = Release|Any CPU
	EndGlobalSection
	GlobalSection(SolutionProperties) = preSolution
		HideSolutionNode = FALSE
	EndGlobalSection
	GlobalSection(ExtensibilityGlobals) = postSolution
		SolutionGuid = {D8A846D4-818F-4B8D-9A5B-EF427DDBF600}
	EndGlobalSection
EndGlobal
